
Microsoft Visual Studio Solution File, Format Version 12.00
# Visual Studio Version 17
VisualStudioVersion = 17.8.34309.116
MinimumVisualStudioVersion = 10.0.40219.1
Project("{FAE04EC0-301F-11D3-BF4B-00C04F79EFBC}") = "Pracownik", "Pracownik\Pracownik.csproj", "{554743EA-5EDB-47E2-8768-418640EC5AFF}"
EndProject
Global
	GlobalSection(SolutionConfigurationPlatforms) = preSolution
		Debug|Any CPU = Debug|Any CPU
		Release|Any CPU = Release|Any CPU
	EndGlobalSection
	GlobalSection(ProjectConfigurationPlatforms) = postSolution
		{554743EA-5EDB-47E2-8768-418640EC5AFF}.Debug|Any CPU.ActiveCfg = Debug|Any CPU
		{554743EA-5EDB-47E2-8768-418640EC5AFF}.Debug|Any CPU.Build.0 = Debug|Any CPU
		{554743EA-5EDB-47E2-8768-418640EC5AFF}.Release|Any CPU.ActiveCfg = Release|Any CPU
		{554743EA-5EDB-47E2-8768-418640EC5AFF}.Release|Any CPU.Build.0 = Release|Any CPU
	EndGlobalSection
	GlobalSection(SolutionProperties) = preSolution
		HideSolutionNode = FALSE
	EndGlobalSection
	GlobalSection(ExtensibilityGlobals) = postSolution
		SolutionGuid = {A0D3FC99-ACA9-43B0-A166-6E3BB80565C9}
	EndGlobalSection
EndGlobal
